# This file is @generated by PDM.
# It is not intended for manual editing.

[metadata]
groups = ["default", "dev"]
strategy = ["cross_platform"]
lock_version = "4.4"
content_hash = "sha256:acad59549b249eee36c41a9a4b8cf0da0c266cfc6c56a80c0dc86f65b1578356"

[[package]]
name = "aiodocker"
version = "0.21.0"
requires_python = ">=3.6"
summary = "Docker API client for asyncio"
dependencies = [
    "aiohttp>=3.6",
    "typing-extensions>=3.6.5",
]
files = [
    {file = "aiodocker-0.21.0-py3-none-any.whl", hash = "sha256:6fe00135bb7dc40a407669d3157ecdfd856f3737d939df54f40a479d40cf7bdc"},
    {file = "aiodocker-0.21.0.tar.gz", hash = "sha256:1f2e6db6377195962bb676d4822f6e3a0c525e1b5d60b8ebbab68230bff3d227"},
]

[[package]]
name = "aiohttp"
version = "3.9.0"
requires_python = ">=3.8"
summary = "Async http client/server framework (asyncio)"
dependencies = [
    "aiosignal>=1.1.2",
    "attrs>=17.3.0",
    "frozenlist>=1.1.1",
    "multidict<7.0,>=4.5",
    "yarl<2.0,>=1.0",
]
files = [
    {file = "aiohttp-3.9.0-cp311-cp311-macosx_10_9_universal2.whl", hash = "sha256:f8e05f5163528962ce1d1806fce763ab893b1c5b7ace0a3538cd81a90622f844"},
    {file = "aiohttp-3.9.0-cp311-cp311-macosx_10_9_x86_64.whl", hash = "sha256:4afa8f71dba3a5a2e1e1282a51cba7341ae76585345c43d8f0e624882b622218"},
    {file = "aiohttp-3.9.0-cp311-cp311-macosx_11_0_arm64.whl", hash = "sha256:f929f4c9b9a00f3e6cc0587abb95ab9c05681f8b14e0fe1daecfa83ea90f8318"},
    {file = "aiohttp-3.9.0-cp311-cp311-manylinux_2_17_aarch64.manylinux2014_aarch64.whl", hash = "sha256:28185e36a78d247c55e9fbea2332d16aefa14c5276a582ce7a896231c6b1c208"},
    {file = "aiohttp-3.9.0-cp311-cp311-manylinux_2_17_ppc64le.manylinux2014_ppc64le.whl", hash = "sha256:a486ddf57ab98b6d19ad36458b9f09e6022de0381674fe00228ca7b741aacb2f"},
    {file = "aiohttp-3.9.0-cp311-cp311-manylinux_2_17_s390x.manylinux2014_s390x.whl", hash = "sha256:70e851f596c00f40a2f00a46126c95c2e04e146015af05a9da3e4867cfc55911"},
    {file = "aiohttp-3.9.0-cp311-cp311-manylinux_2_17_x86_64.manylinux2014_x86_64.whl", hash = "sha256:c5b7bf8fe4d39886adc34311a233a2e01bc10eb4e842220235ed1de57541a896"},
    {file = "aiohttp-3.9.0-cp311-cp311-manylinux_2_5_i686.manylinux1_i686.manylinux_2_17_i686.manylinux2014_i686.whl", hash = "sha256:c67a51ea415192c2e53e4e048c78bab82d21955b4281d297f517707dc836bf3d"},
    {file = "aiohttp-3.9.0-cp311-cp311-musllinux_1_1_aarch64.whl", hash = "sha256:694df243f394629bcae2d8ed94c589a181e8ba8604159e6e45e7b22e58291113"},
    {file = "aiohttp-3.9.0-cp311-cp311-musllinux_1_1_i686.whl", hash = "sha256:3dd8119752dd30dd7bca7d4bc2a92a59be6a003e4e5c2cf7e248b89751b8f4b7"},
    {file = "aiohttp-3.9.0-cp311-cp311-musllinux_1_1_ppc64le.whl", hash = "sha256:eb6dfd52063186ac97b4caa25764cdbcdb4b10d97f5c5f66b0fa95052e744eb7"},
    {file = "aiohttp-3.9.0-cp311-cp311-musllinux_1_1_s390x.whl", hash = "sha256:d97c3e286d0ac9af6223bc132dc4bad6540b37c8d6c0a15fe1e70fb34f9ec411"},
    {file = "aiohttp-3.9.0-cp311-cp311-musllinux_1_1_x86_64.whl", hash = "sha256:816f4db40555026e4cdda604a1088577c1fb957d02f3f1292e0221353403f192"},
    {file = "aiohttp-3.9.0-cp311-cp311-win32.whl", hash = "sha256:3abf0551874fecf95f93b58f25ef4fc9a250669a2257753f38f8f592db85ddea"},
    {file = "aiohttp-3.9.0-cp311-cp311-win_amd64.whl", hash = "sha256:e18d92c3e9e22553a73e33784fcb0ed484c9874e9a3e96c16a8d6a1e74a0217b"},
    {file = "aiohttp-3.9.0-cp312-cp312-macosx_10_9_universal2.whl", hash = "sha256:99ae01fb13a618b9942376df77a1f50c20a281390dad3c56a6ec2942e266220d"},
    {file = "aiohttp-3.9.0-cp312-cp312-macosx_10_9_x86_64.whl", hash = "sha256:05857848da443c8c12110d99285d499b4e84d59918a21132e45c3f0804876994"},
    {file = "aiohttp-3.9.0-cp312-cp312-macosx_11_0_arm64.whl", hash = "sha256:317719d7f824eba55857fe0729363af58e27c066c731bc62cd97bc9c3d9c7ea4"},
    {file = "aiohttp-3.9.0-cp312-cp312-manylinux_2_17_aarch64.manylinux2014_aarch64.whl", hash = "sha256:a1e3b3c107ccb0e537f309f719994a55621acd2c8fdf6d5ce5152aed788fb940"},
    {file = "aiohttp-3.9.0-cp312-cp312-manylinux_2_17_ppc64le.manylinux2014_ppc64le.whl", hash = "sha256:45820ddbb276113ead8d4907a7802adb77548087ff5465d5c554f9aa3928ae7d"},
    {file = "aiohttp-3.9.0-cp312-cp312-manylinux_2_17_s390x.manylinux2014_s390x.whl", hash = "sha256:05a183f1978802588711aed0dea31e697d760ce9055292db9dc1604daa9a8ded"},
    {file = "aiohttp-3.9.0-cp312-cp312-manylinux_2_17_x86_64.manylinux2014_x86_64.whl", hash = "sha256:51a4cd44788ea0b5e6bb8fa704597af3a30be75503a7ed1098bc5b8ffdf6c982"},
    {file = "aiohttp-3.9.0-cp312-cp312-manylinux_2_5_i686.manylinux1_i686.manylinux_2_17_i686.manylinux2014_i686.whl", hash = "sha256:673343fbc0c1ac44d0d2640addc56e97a052504beacd7ade0dc5e76d3a4c16e8"},
    {file = "aiohttp-3.9.0-cp312-cp312-musllinux_1_1_aarch64.whl", hash = "sha256:7e8a3b79b6d186a9c99761fd4a5e8dd575a48d96021f220ac5b5fa856e5dd029"},
    {file = "aiohttp-3.9.0-cp312-cp312-musllinux_1_1_i686.whl", hash = "sha256:6777a390e41e78e7c45dab43a4a0196c55c3b8c30eebe017b152939372a83253"},
    {file = "aiohttp-3.9.0-cp312-cp312-musllinux_1_1_ppc64le.whl", hash = "sha256:7ae5f99a32c53731c93ac3075abd3e1e5cfbe72fc3eaac4c27c9dd64ba3b19fe"},
    {file = "aiohttp-3.9.0-cp312-cp312-musllinux_1_1_s390x.whl", hash = "sha256:f1e4f254e9c35d8965d377e065c4a8a55d396fe87c8e7e8429bcfdeeb229bfb3"},
    {file = "aiohttp-3.9.0-cp312-cp312-musllinux_1_1_x86_64.whl", hash = "sha256:11ca808f9a6b63485059f5f6e164ef7ec826483c1212a44f268b3653c91237d8"},
    {file = "aiohttp-3.9.0-cp312-cp312-win32.whl", hash = "sha256:de3cc86f4ea8b4c34a6e43a7306c40c1275e52bfa9748d869c6b7d54aa6dad80"},
    {file = "aiohttp-3.9.0-cp312-cp312-win_amd64.whl", hash = "sha256:ca4fddf84ac7d8a7d0866664936f93318ff01ee33e32381a115b19fb5a4d1202"},
    {file = "aiohttp-3.9.0.tar.gz", hash = "sha256:09f23292d29135025e19e8ff4f0a68df078fe4ee013bca0105b2e803989de92d"},
]

[[package]]
name = "aiosignal"
version = "1.3.1"
requires_python = ">=3.7"
summary = "aiosignal: a list of registered asynchronous callbacks"
dependencies = [
    "frozenlist>=1.1.0",
]
files = [
    {file = "aiosignal-1.3.1-py3-none-any.whl", hash = "sha256:f8376fb07dd1e86a584e4fcdec80b36b7f81aac666ebc724e2c090300dd83b17"},
    {file = "aiosignal-1.3.1.tar.gz", hash = "sha256:54cd96e15e1649b75d6c87526a6ff0b6c1b0dd3459f43d9ca11d48c339b68cfc"},
]

[[package]]
name = "attrs"
version = "23.1.0"
requires_python = ">=3.7"
summary = "Classes Without Boilerplate"
files = [
    {file = "attrs-23.1.0-py3-none-any.whl", hash = "sha256:1f28b4522cdc2fb4256ac1a020c78acf9cba2c6b461ccd2c126f3aa8e8335d04"},
    {file = "attrs-23.1.0.tar.gz", hash = "sha256:6279836d581513a26f1bf235f9acd333bc9115683f14f7e8fae46c98fc50e015"},
]

[[package]]
name = "colorama"
version = "0.4.6"
requires_python = "!=3.0.*,!=3.1.*,!=3.2.*,!=3.3.*,!=3.4.*,!=3.5.*,!=3.6.*,>=2.7"
summary = "Cross-platform colored terminal text."
files = [
    {file = "colorama-0.4.6-py2.py3-none-any.whl", hash = "sha256:4f1d9991f5acc0ca119f9d443620b77f9d6b33703e51011c16baf57afb285fc6"},
    {file = "colorama-0.4.6.tar.gz", hash = "sha256:08695f5cb7ed6e0531a20572697297273c47b8cae5a63ffc6d6ed5c201be6e44"},
]

[[package]]
name = "dnspython"
version = "2.4.2"
requires_python = ">=3.8,<4.0"
summary = "DNS toolkit"
files = [
    {file = "dnspython-2.4.2-py3-none-any.whl", hash = "sha256:57c6fbaaeaaf39c891292012060beb141791735dbb4004798328fc2c467402d8"},
    {file = "dnspython-2.4.2.tar.gz", hash = "sha256:8dcfae8c7460a2f84b4072e26f1c9f4101ca20c071649cb7c34e8b6a93d58984"},
]

[[package]]
name = "frozenlist"
version = "1.4.0"
requires_python = ">=3.8"
summary = "A list-like structure which implements collections.abc.MutableSequence"
files = [
    {file = "frozenlist-1.4.0-cp311-cp311-macosx_10_9_universal2.whl", hash = "sha256:de343e75f40e972bae1ef6090267f8260c1446a1695e77096db6cfa25e759a95"},
    {file = "frozenlist-1.4.0-cp311-cp311-macosx_10_9_x86_64.whl", hash = "sha256:ad2a9eb6d9839ae241701d0918f54c51365a51407fd80f6b8289e2dfca977cc3"},
    {file = "frozenlist-1.4.0-cp311-cp311-macosx_11_0_arm64.whl", hash = "sha256:bd7bd3b3830247580de99c99ea2a01416dfc3c34471ca1298bccabf86d0ff4dc"},
    {file = "frozenlist-1.4.0-cp311-cp311-manylinux_2_17_aarch64.manylinux2014_aarch64.whl", hash = "sha256:bdf1847068c362f16b353163391210269e4f0569a3c166bc6a9f74ccbfc7e839"},
    {file = "frozenlist-1.4.0-cp311-cp311-manylinux_2_17_ppc64le.manylinux2014_ppc64le.whl", hash = "sha256:38461d02d66de17455072c9ba981d35f1d2a73024bee7790ac2f9e361ef1cd0c"},
    {file = "frozenlist-1.4.0-cp311-cp311-manylinux_2_17_s390x.manylinux2014_s390x.whl", hash = "sha256:d5a32087d720c608f42caed0ef36d2b3ea61a9d09ee59a5142d6070da9041b8f"},
    {file = "frozenlist-1.4.0-cp311-cp311-manylinux_2_5_i686.manylinux1_i686.manylinux_2_17_i686.manylinux2014_i686.whl", hash = "sha256:dd65632acaf0d47608190a71bfe46b209719bf2beb59507db08ccdbe712f969b"},
    {file = "frozenlist-1.4.0-cp311-cp311-manylinux_2_5_x86_64.manylinux1_x86_64.manylinux_2_17_x86_64.manylinux2014_x86_64.whl", hash = "sha256:261b9f5d17cac914531331ff1b1d452125bf5daa05faf73b71d935485b0c510b"},
    {file = "frozenlist-1.4.0-cp311-cp311-musllinux_1_1_aarch64.whl", hash = "sha256:b89ac9768b82205936771f8d2eb3ce88503b1556324c9f903e7156669f521472"},
    {file = "frozenlist-1.4.0-cp311-cp311-musllinux_1_1_i686.whl", hash = "sha256:008eb8b31b3ea6896da16c38c1b136cb9fec9e249e77f6211d479db79a4eaf01"},
    {file = "frozenlist-1.4.0-cp311-cp311-musllinux_1_1_ppc64le.whl", hash = "sha256:e74b0506fa5aa5598ac6a975a12aa8928cbb58e1f5ac8360792ef15de1aa848f"},
    {file = "frozenlist-1.4.0-cp311-cp311-musllinux_1_1_s390x.whl", hash = "sha256:490132667476f6781b4c9458298b0c1cddf237488abd228b0b3650e5ecba7467"},
    {file = "frozenlist-1.4.0-cp311-cp311-musllinux_1_1_x86_64.whl", hash = "sha256:76d4711f6f6d08551a7e9ef28c722f4a50dd0fc204c56b4bcd95c6cc05ce6fbb"},
    {file = "frozenlist-1.4.0-cp311-cp311-win32.whl", hash = "sha256:a02eb8ab2b8f200179b5f62b59757685ae9987996ae549ccf30f983f40602431"},
    {file = "frozenlist-1.4.0-cp311-cp311-win_amd64.whl", hash = "sha256:515e1abc578dd3b275d6a5114030b1330ba044ffba03f94091842852f806f1c1"},
    {file = "frozenlist-1.4.0.tar.gz", hash = "sha256:09163bdf0b2907454042edb19f887c6d33806adc71fbd54afc14908bfdc22251"},
]

[[package]]
name = "httptools"
version = "0.6.1"
requires_python = ">=3.8.0"
summary = "A collection of framework independent HTTP protocol utils."
files = [
    {file = "httptools-0.6.1-cp311-cp311-macosx_10_9_universal2.whl", hash = "sha256:7a7ea483c1a4485c71cb5f38be9db078f8b0e8b4c4dc0210f531cdd2ddac1ef1"},
    {file = "httptools-0.6.1-cp311-cp311-macosx_10_9_x86_64.whl", hash = "sha256:85ed077c995e942b6f1b07583e4eb0a8d324d418954fc6af913d36db7c05a5a0"},
    {file = "httptools-0.6.1-cp311-cp311-manylinux_2_17_aarch64.manylinux2014_aarch64.whl", hash = "sha256:8b0bb634338334385351a1600a73e558ce619af390c2b38386206ac6a27fecfc"},
    {file = "httptools-0.6.1-cp311-cp311-manylinux_2_5_x86_64.manylinux1_x86_64.manylinux_2_17_x86_64.manylinux2014_x86_64.whl", hash = "sha256:7d9ceb2c957320def533671fc9c715a80c47025139c8d1f3797477decbc6edd2"},
    {file = "httptools-0.6.1-cp311-cp311-musllinux_1_1_aarch64.whl", hash = "sha256:4f0f8271c0a4db459f9dc807acd0eadd4839934a4b9b892f6f160e94da309837"},
    {file = "httptools-0.6.1-cp311-cp311-musllinux_1_1_x86_64.whl", hash = "sha256:6a4f5ccead6d18ec072ac0b84420e95d27c1cdf5c9f1bc8fbd8daf86bd94f43d"},
    {file = "httptools-0.6.1-cp311-cp311-win_amd64.whl", hash = "sha256:5cceac09f164bcba55c0500a18fe3c47df29b62353198e4f37bbcc5d591172c3"},
    {file = "httptools-0.6.1-cp312-cp312-macosx_10_9_universal2.whl", hash = "sha256:75c8022dca7935cba14741a42744eee13ba05db00b27a4b940f0d646bd4d56d0"},
    {file = "httptools-0.6.1-cp312-cp312-macosx_10_9_x86_64.whl", hash = "sha256:48ed8129cd9a0d62cf4d1575fcf90fb37e3ff7d5654d3a5814eb3d55f36478c2"},
    {file = "httptools-0.6.1-cp312-cp312-manylinux_2_17_aarch64.manylinux2014_aarch64.whl", hash = "sha256:6f58e335a1402fb5a650e271e8c2d03cfa7cea46ae124649346d17bd30d59c90"},
    {file = "httptools-0.6.1-cp312-cp312-manylinux_2_5_x86_64.manylinux1_x86_64.manylinux_2_17_x86_64.manylinux2014_x86_64.whl", hash = "sha256:93ad80d7176aa5788902f207a4e79885f0576134695dfb0fefc15b7a4648d503"},
    {file = "httptools-0.6.1-cp312-cp312-musllinux_1_1_aarch64.whl", hash = "sha256:9bb68d3a085c2174c2477eb3ffe84ae9fb4fde8792edb7bcd09a1d8467e30a84"},
    {file = "httptools-0.6.1-cp312-cp312-musllinux_1_1_x86_64.whl", hash = "sha256:b512aa728bc02354e5ac086ce76c3ce635b62f5fbc32ab7082b5e582d27867bb"},
    {file = "httptools-0.6.1-cp312-cp312-win_amd64.whl", hash = "sha256:97662ce7fb196c785344d00d638fc9ad69e18ee4bfb4000b35a52efe5adcc949"},
    {file = "httptools-0.6.1.tar.gz", hash = "sha256:c6e26c30455600b95d94b1b836085138e82f177351454ee841c148f93a9bad5a"},
]

[[package]]
name = "idna"
version = "3.4"
requires_python = ">=3.5"
summary = "Internationalized Domain Names in Applications (IDNA)"
files = [
    {file = "idna-3.4-py3-none-any.whl", hash = "sha256:90b77e79eaa3eba6de819a0c442c0b4ceefc341a7a2ab77d7562bf49f425c5c2"},
    {file = "idna-3.4.tar.gz", hash = "sha256:814f528e8dead7d329833b91c5faa87d60bf71824cd12a7530b5526063d02cb4"},
]

[[package]]
name = "iniconfig"
version = "2.0.0"
requires_python = ">=3.7"
summary = "brain-dead simple config-ini parsing"
files = [
    {file = "iniconfig-2.0.0-py3-none-any.whl", hash = "sha256:b6a85871a79d2e3b22d2d1b94ac2824226a63c6b741c88f7ae975f18b6778374"},
    {file = "iniconfig-2.0.0.tar.gz", hash = "sha256:2d91e135bf72d31a410b17c16da610a82cb55f6b0477d1a902134b24a455b8b3"},
]

[[package]]
name = "multidict"
version = "6.0.4"
requires_python = ">=3.7"
summary = "multidict implementation"
files = [
    {file = "multidict-6.0.4-cp311-cp311-macosx_10_9_universal2.whl", hash = "sha256:0dfad7a5a1e39c53ed00d2dd0c2e36aed4650936dc18fd9a1826a5ae1cad6f03"},
    {file = "multidict-6.0.4-cp311-cp311-macosx_10_9_x86_64.whl", hash = "sha256:64da238a09d6039e3bd39bb3aee9c21a5e34f28bfa5aa22518581f910ff94af3"},
    {file = "multidict-6.0.4-cp311-cp311-macosx_11_0_arm64.whl", hash = "sha256:ff959bee35038c4624250473988b24f846cbeb2c6639de3602c073f10410ceba"},
    {file = "multidict-6.0.4-cp311-cp311-manylinux_2_17_aarch64.manylinux2014_aarch64.whl", hash = "sha256:01a3a55bd90018c9c080fbb0b9f4891db37d148a0a18722b42f94694f8b6d4c9"},
    {file = "multidict-6.0.4-cp311-cp311-manylinux_2_17_ppc64le.manylinux2014_ppc64le.whl", hash = "sha256:c5cb09abb18c1ea940fb99360ea0396f34d46566f157122c92dfa069d3e0e982"},
    {file = "multidict-6.0.4-cp311-cp311-manylinux_2_17_s390x.manylinux2014_s390x.whl", hash = "sha256:666daae833559deb2d609afa4490b85830ab0dfca811a98b70a205621a6109fe"},
    {file = "multidict-6.0.4-cp311-cp311-manylinux_2_17_x86_64.manylinux2014_x86_64.whl", hash = "sha256:11bdf3f5e1518b24530b8241529d2050014c884cf18b6fc69c0c2b30ca248710"},
    {file = "multidict-6.0.4-cp311-cp311-manylinux_2_5_i686.manylinux1_i686.manylinux_2_17_i686.manylinux2014_i686.whl", hash = "sha256:7d18748f2d30f94f498e852c67d61261c643b349b9d2a581131725595c45ec6c"},
    {file = "multidict-6.0.4-cp311-cp311-musllinux_1_1_aarch64.whl", hash = "sha256:458f37be2d9e4c95e2d8866a851663cbc76e865b78395090786f6cd9b3bbf4f4"},
    {file = "multidict-6.0.4-cp311-cp311-musllinux_1_1_i686.whl", hash = "sha256:b1a2eeedcead3a41694130495593a559a668f382eee0727352b9a41e1c45759a"},
    {file = "multidict-6.0.4-cp311-cp311-musllinux_1_1_ppc64le.whl", hash = "sha256:7d6ae9d593ef8641544d6263c7fa6408cc90370c8cb2bbb65f8d43e5b0351d9c"},
    {file = "multidict-6.0.4-cp311-cp311-musllinux_1_1_s390x.whl", hash = "sha256:5979b5632c3e3534e42ca6ff856bb24b2e3071b37861c2c727ce220d80eee9ed"},
    {file = "multidict-6.0.4-cp311-cp311-musllinux_1_1_x86_64.whl", hash = "sha256:dcfe792765fab89c365123c81046ad4103fcabbc4f56d1c1997e6715e8015461"},
    {file = "multidict-6.0.4-cp311-cp311-win32.whl", hash = "sha256:3601a3cece3819534b11d4efc1eb76047488fddd0c85a3948099d5da4d504636"},
    {file = "multidict-6.0.4-cp311-cp311-win_amd64.whl", hash = "sha256:81a4f0b34bd92df3da93315c6a59034df95866014ac08535fc819f043bfd51f0"},
    {file = "multidict-6.0.4.tar.gz", hash = "sha256:3666906492efb76453c0e7b97f2cf459b0682e7402c0489a95484965dbc1da49"},
]

[[package]]
name = "packaging"
version = "23.2"
requires_python = ">=3.7"
summary = "Core utilities for Python packages"
files = [
    {file = "packaging-23.2-py3-none-any.whl", hash = "sha256:8c491190033a9af7e1d931d0b5dacc2ef47509b34dd0de67ed209b5203fc88c7"},
    {file = "packaging-23.2.tar.gz", hash = "sha256:048fb0e9405036518eaaf48a55953c750c11e1a1b68e0dd1a9d62ed0c092cfc5"},
]

[[package]]
name = "pluggy"
version = "1.3.0"
requires_python = ">=3.8"
summary = "plugin and hook calling mechanisms for python"
files = [
    {file = "pluggy-1.3.0-py3-none-any.whl", hash = "sha256:d89c696a773f8bd377d18e5ecda92b7a3793cbe66c87060a6fb58c7b6e1061f7"},
    {file = "pluggy-1.3.0.tar.gz", hash = "sha256:cf61ae8f126ac6f7c451172cf30e3e43d3ca77615509771b3a984a0730651e12"},
]

[[package]]
name = "pydevd-pycharm"
version = "232.10203.26"
summary = "PyCharm Debugger (used in PyCharm and PyDev)"
files = [
    {file = "pydevd-pycharm-232.10203.26.tar.gz", hash = "sha256:1d9b0e9128b72775e69516687b40cb9d674431513a79e565b6d50c505ae41709"},
]

[[package]]
name = "pytest"
version = "7.4.3"
requires_python = ">=3.7"
summary = "pytest: simple powerful testing with Python"
dependencies = [
    "colorama; sys_platform == \"win32\"",
    "iniconfig",
    "packaging",
    "pluggy<2.0,>=0.12",
]
files = [
    {file = "pytest-7.4.3-py3-none-any.whl", hash = "sha256:0d009c083ea859a71b76adf7c1d502e4bc170b80a8ef002da5806527b9591fac"},
    {file = "pytest-7.4.3.tar.gz", hash = "sha256:d989d136982de4e3b29dabcc838ad581c64e8ed52c11fbe86ddebd9da0818cd5"},
]

[[package]]
name = "typing-extensions"
version = "4.8.0"
requires_python = ">=3.8"
summary = "Backported and Experimental Type Hints for Python 3.8+"
files = [
    {file = "typing_extensions-4.8.0-py3-none-any.whl", hash = "sha256:8f92fc8806f9a6b641eaa5318da32b44d401efaac0f6678c9bc448ba3605faa0"},
    {file = "typing_extensions-4.8.0.tar.gz", hash = "sha256:df8e4339e9cb77357558cbdbceca33c303714cf861d1eef15e1070055ae8b7ef"},
]

[[package]]
name = "yarl"
version = "1.9.3"
requires_python = ">=3.7"
summary = "Yet another URL library"
dependencies = [
    "idna>=2.0",
    "multidict>=4.0",
]
files = [
    {file = "yarl-1.9.3-cp311-cp311-macosx_10_9_universal2.whl", hash = "sha256:d61a0ca95503867d4d627517bcfdc28a8468c3f1b0b06c626f30dd759d3999fd"},
    {file = "yarl-1.9.3-cp311-cp311-macosx_10_9_x86_64.whl", hash = "sha256:73cc83f918b69110813a7d95024266072d987b903a623ecae673d1e71579d566"},
    {file = "yarl-1.9.3-cp311-cp311-macosx_11_0_arm64.whl", hash = "sha256:d81657b23e0edb84b37167e98aefb04ae16cbc5352770057893bd222cdc6e45f"},
    {file = "yarl-1.9.3-cp311-cp311-manylinux_2_17_aarch64.manylinux2014_aarch64.whl", hash = "sha256:26a1a8443091c7fbc17b84a0d9f38de34b8423b459fb853e6c8cdfab0eacf613"},
    {file = "yarl-1.9.3-cp311-cp311-manylinux_2_17_ppc64le.manylinux2014_ppc64le.whl", hash = "sha256:fe34befb8c765b8ce562f0200afda3578f8abb159c76de3ab354c80b72244c41"},
    {file = "yarl-1.9.3-cp311-cp311-manylinux_2_17_s390x.manylinux2014_s390x.whl", hash = "sha256:2c757f64afe53a422e45e3e399e1e3cf82b7a2f244796ce80d8ca53e16a49b9f"},
    {file = "yarl-1.9.3-cp311-cp311-manylinux_2_17_x86_64.manylinux2014_x86_64.whl", hash = "sha256:72a57b41a0920b9a220125081c1e191b88a4cdec13bf9d0649e382a822705c65"},
    {file = "yarl-1.9.3-cp311-cp311-manylinux_2_5_i686.manylinux1_i686.manylinux_2_17_i686.manylinux2014_i686.whl", hash = "sha256:632c7aeb99df718765adf58eacb9acb9cbc555e075da849c1378ef4d18bf536a"},
    {file = "yarl-1.9.3-cp311-cp311-musllinux_1_1_aarch64.whl", hash = "sha256:b0b8c06afcf2bac5a50b37f64efbde978b7f9dc88842ce9729c020dc71fae4ce"},
    {file = "yarl-1.9.3-cp311-cp311-musllinux_1_1_i686.whl", hash = "sha256:1d93461e2cf76c4796355494f15ffcb50a3c198cc2d601ad8d6a96219a10c363"},
    {file = "yarl-1.9.3-cp311-cp311-musllinux_1_1_ppc64le.whl", hash = "sha256:4003f380dac50328c85e85416aca6985536812c082387255c35292cb4b41707e"},
    {file = "yarl-1.9.3-cp311-cp311-musllinux_1_1_s390x.whl", hash = "sha256:4d6d74a97e898c1c2df80339aa423234ad9ea2052f66366cef1e80448798c13d"},
    {file = "yarl-1.9.3-cp311-cp311-musllinux_1_1_x86_64.whl", hash = "sha256:b61e64b06c3640feab73fa4ff9cb64bd8182de52e5dc13038e01cfe674ebc321"},
    {file = "yarl-1.9.3-cp311-cp311-win32.whl", hash = "sha256:29beac86f33d6c7ab1d79bd0213aa7aed2d2f555386856bb3056d5fdd9dab279"},
    {file = "yarl-1.9.3-cp311-cp311-win_amd64.whl", hash = "sha256:f7271d6bd8838c49ba8ae647fc06469137e1c161a7ef97d778b72904d9b68696"},
    {file = "yarl-1.9.3-cp312-cp312-macosx_10_9_universal2.whl", hash = "sha256:dd318e6b75ca80bff0b22b302f83a8ee41c62b8ac662ddb49f67ec97e799885d"},
    {file = "yarl-1.9.3-cp312-cp312-macosx_10_9_x86_64.whl", hash = "sha256:c4b1efb11a8acd13246ffb0bee888dd0e8eb057f8bf30112e3e21e421eb82d4a"},
    {file = "yarl-1.9.3-cp312-cp312-macosx_11_0_arm64.whl", hash = "sha256:c6f034386e5550b5dc8ded90b5e2ff7db21f0f5c7de37b6efc5dac046eb19c10"},
    {file = "yarl-1.9.3-cp312-cp312-manylinux_2_17_aarch64.manylinux2014_aarch64.whl", hash = "sha256:cd49a908cb6d387fc26acee8b7d9fcc9bbf8e1aca890c0b2fdfd706057546080"},
    {file = "yarl-1.9.3-cp312-cp312-manylinux_2_17_ppc64le.manylinux2014_ppc64le.whl", hash = "sha256:aa4643635f26052401750bd54db911b6342eb1a9ac3e74f0f8b58a25d61dfe41"},
    {file = "yarl-1.9.3-cp312-cp312-manylinux_2_17_s390x.manylinux2014_s390x.whl", hash = "sha256:e741bd48e6a417bdfbae02e088f60018286d6c141639359fb8df017a3b69415a"},
    {file = "yarl-1.9.3-cp312-cp312-manylinux_2_17_x86_64.manylinux2014_x86_64.whl", hash = "sha256:7c86d0d0919952d05df880a1889a4f0aeb6868e98961c090e335671dea5c0361"},
    {file = "yarl-1.9.3-cp312-cp312-manylinux_2_5_i686.manylinux1_i686.manylinux_2_17_i686.manylinux2014_i686.whl", hash = "sha256:3d5434b34100b504aabae75f0622ebb85defffe7b64ad8f52b8b30ec6ef6e4b9"},
    {file = "yarl-1.9.3-cp312-cp312-musllinux_1_1_aarch64.whl", hash = "sha256:79e1df60f7c2b148722fb6cafebffe1acd95fd8b5fd77795f56247edaf326752"},
    {file = "yarl-1.9.3-cp312-cp312-musllinux_1_1_i686.whl", hash = "sha256:44e91a669c43f03964f672c5a234ae0d7a4d49c9b85d1baa93dec28afa28ffbd"},
    {file = "yarl-1.9.3-cp312-cp312-musllinux_1_1_ppc64le.whl", hash = "sha256:3cfa4dbe17b2e6fca1414e9c3bcc216f6930cb18ea7646e7d0d52792ac196808"},
    {file = "yarl-1.9.3-cp312-cp312-musllinux_1_1_s390x.whl", hash = "sha256:88d2c3cc4b2f46d1ba73d81c51ec0e486f59cc51165ea4f789677f91a303a9a7"},
    {file = "yarl-1.9.3-cp312-cp312-musllinux_1_1_x86_64.whl", hash = "sha256:cccdc02e46d2bd7cb5f38f8cc3d9db0d24951abd082b2f242c9e9f59c0ab2af3"},
    {file = "yarl-1.9.3-cp312-cp312-win32.whl", hash = "sha256:96758e56dceb8a70f8a5cff1e452daaeff07d1cc9f11e9b0c951330f0a2396a7"},
    {file = "yarl-1.9.3-cp312-cp312-win_amd64.whl", hash = "sha256:c4472fe53ebf541113e533971bd8c32728debc4c6d8cc177f2bff31d011ec17e"},
    {file = "yarl-1.9.3-py3-none-any.whl", hash = "sha256:271d63396460b6607b588555ea27a1a02b717ca2e3f2cf53bdde4013d7790929"},
    {file = "yarl-1.9.3.tar.gz", hash = "sha256:4a14907b597ec55740f63e52d7fee0e9ee09d5b9d57a4f399a7423268e457b57"},
]
